
Microsoft Visual Studio Solution File, Format Version 12.00
# Visual Studio 2015
Project("{FAE04EC0-301F-11D3-BF4B-00C04F79EFBC}") = "AR_Defender2", "AR_Defender2.csproj", "{F947E3BD-CEFA-A13A-0451-9A65D1D5CEE8}"
EndProject
Project("{FAE04EC0-301F-11D3-BF4B-00C04F79EFBC}") = "AR_Defender2.Editor", "AR_Defender2.Editor.csproj", "{B2BF25B1-1C4E-5901-622D-8D62FFF70ABE}"
EndProject
Global
	GlobalSection(SolutionConfigurationPlatforms) = preSolution
		Debug|Any CPU = Debug|Any CPU
		Release|Any CPU = Release|Any CPU
	EndGlobalSection
	GlobalSection(ProjectConfigurationPlatforms) = postSolution
		{F947E3BD-CEFA-A13A-0451-9A65D1D5CEE8}.Debug|Any CPU.ActiveCfg = Debug|Any CPU
		{F947E3BD-CEFA-A13A-0451-9A65D1D5CEE8}.Debug|Any CPU.Build.0 = Debug|Any CPU
		{F947E3BD-CEFA-A13A-0451-9A65D1D5CEE8}.Release|Any CPU.ActiveCfg = Release|Any CPU
		{F947E3BD-CEFA-A13A-0451-9A65D1D5CEE8}.Release|Any CPU.Build.0 = Release|Any CPU
		{B2BF25B1-1C4E-5901-622D-8D62FFF70ABE}.Debug|Any CPU.ActiveCfg = Debug|Any CPU
		{B2BF25B1-1C4E-5901-622D-8D62FFF70ABE}.Debug|Any CPU.Build.0 = Debug|Any CPU
		{B2BF25B1-1C4E-5901-622D-8D62FFF70ABE}.Release|Any CPU.ActiveCfg = Release|Any CPU
		{B2BF25B1-1C4E-5901-622D-8D62FFF70ABE}.Release|Any CPU.Build.0 = Release|Any CPU
	EndGlobalSection
	GlobalSection(SolutionProperties) = preSolution
		HideSolutionNode = FALSE
	EndGlobalSection
EndGlobal
